{
  "name": "ui",
  "version": "1.0.0",
  "lockfileVersion": 1,
  "requires": true,
  "dependencies": {
    "redux-act": {
      "version": "1.7.7",
      "resolved": "https://registry.npmjs.org/redux-act/-/redux-act-1.7.7.tgz",
      "integrity": "sha512-UKa6QJkrgrQauFtEuGjnZaBa6dKwXjeu/qchY8ifbA+i/UdEEtOZ/lfowaXkgfllr9c/5EAmmlvk0C9J2wSTnw=="
    }
  }
}
